
Microsoft Visual Studio Solution File, Format Version 12.00
# Visual Studio Version 17
VisualStudioVersion = 17.2.32630.192
MinimumVisualStudioVersion = 10.0.40219.1
Project("{9A19103F-16F7-4668-BE54-9A1E7A4F7556}") = "SmsService", "SmsService\SmsService.csproj", "{3D36DACA-E02C-4E88-9F1C-175B7628C087}"
EndProject
Project("{FAE04EC0-301F-11D3-BF4B-00C04F79EFBC}") = "SmsServiceTests", "SmsServiceTests\SmsServiceTests.csproj", "{1F7C02D1-2A9B-4CEF-AAA2-28A7F85ADF41}"
EndProject
Global
	GlobalSection(SolutionConfigurationPlatforms) = preSolution
		Debug|Any CPU = Debug|Any CPU
		Release|Any CPU = Release|Any CPU
	EndGlobalSection
	GlobalSection(ProjectConfigurationPlatforms) = postSolution
		{3D36DACA-E02C-4E88-9F1C-175B7628C087}.Debug|Any CPU.ActiveCfg = Debug|Any CPU
		{3D36DACA-E02C-4E88-9F1C-175B7628C087}.Debug|Any CPU.Build.0 = Debug|Any CPU
		{3D36DACA-E02C-4E88-9F1C-175B7628C087}.Release|Any CPU.ActiveCfg = Release|Any CPU
		{3D36DACA-E02C-4E88-9F1C-175B7628C087}.Release|Any CPU.Build.0 = Release|Any CPU
		{1F7C02D1-2A9B-4CEF-AAA2-28A7F85ADF41}.Debug|Any CPU.ActiveCfg = Debug|Any CPU
		{1F7C02D1-2A9B-4CEF-AAA2-28A7F85ADF41}.Debug|Any CPU.Build.0 = Debug|Any CPU
		{1F7C02D1-2A9B-4CEF-AAA2-28A7F85ADF41}.Release|Any CPU.ActiveCfg = Release|Any CPU
		{1F7C02D1-2A9B-4CEF-AAA2-28A7F85ADF41}.Release|Any CPU.Build.0 = Release|Any CPU
	EndGlobalSection
	GlobalSection(SolutionProperties) = preSolution
		HideSolutionNode = FALSE
	EndGlobalSection
	GlobalSection(ExtensibilityGlobals) = postSolution
		SolutionGuid = {8613ADAF-9153-493E-A35F-DFD14FF31489}
	EndGlobalSection
EndGlobal
